
Microsoft Visual Studio Solution File, Format Version 12.00
# Visual Studio Version 17
VisualStudioVersion = 17.8.34219.65
MinimumVisualStudioVersion = 10.0.40219.1
Project("{FAE04EC0-301F-11D3-BF4B-00C04F79EFBC}") = "NEW-REPORT-EASY", "NEW-REPORT-EASY\NEW-REPORT-EASY.csproj", "{9D0C0082-C6F7-4C4D-9CB6-A8FBB3F11B21}"
EndProject
Global
	GlobalSection(SolutionConfigurationPlatforms) = preSolution
		Debug|Any CPU = Debug|Any CPU
		Release|Any CPU = Release|Any CPU
	EndGlobalSection
	GlobalSection(ProjectConfigurationPlatforms) = postSolution
		{9D0C0082-C6F7-4C4D-9CB6-A8FBB3F11B21}.Debug|Any CPU.ActiveCfg = Debug|Any CPU
		{9D0C0082-C6F7-4C4D-9CB6-A8FBB3F11B21}.Debug|Any CPU.Build.0 = Debug|Any CPU
		{9D0C0082-C6F7-4C4D-9CB6-A8FBB3F11B21}.Debug|Any CPU.Deploy.0 = Debug|Any CPU
		{9D0C0082-C6F7-4C4D-9CB6-A8FBB3F11B21}.Release|Any CPU.ActiveCfg = Release|Any CPU
		{9D0C0082-C6F7-4C4D-9CB6-A8FBB3F11B21}.Release|Any CPU.Build.0 = Release|Any CPU
		{9D0C0082-C6F7-4C4D-9CB6-A8FBB3F11B21}.Release|Any CPU.Deploy.0 = Release|Any CPU
	EndGlobalSection
	GlobalSection(SolutionProperties) = preSolution
		HideSolutionNode = FALSE
	EndGlobalSection
	GlobalSection(ExtensibilityGlobals) = postSolution
		SolutionGuid = {1E5BAA42-44A0-4E5D-A128-6CE22C775679}
	EndGlobalSection
EndGlobal
